
Microsoft Visual Studio Solution File, Format Version 12.00
# Visual Studio Version 17
VisualStudioVersion = 17.3.32901.215
MinimumVisualStudioVersion = 10.0.40219.1
Project("{FAE04EC0-301F-11D3-BF4B-00C04F79EFBC}") = "carpma", "carpma\carpma.csproj", "{AA3F1F4B-9D63-4345-8390-3EE2ABDAC25B}"
EndProject
Global
	GlobalSection(SolutionConfigurationPlatforms) = preSolution
		Debug|Any CPU = Debug|Any CPU
		Release|Any CPU = Release|Any CPU
	EndGlobalSection
	GlobalSection(ProjectConfigurationPlatforms) = postSolution
		{AA3F1F4B-9D63-4345-8390-3EE2ABDAC25B}.Debug|Any CPU.ActiveCfg = Debug|Any CPU
		{AA3F1F4B-9D63-4345-8390-3EE2ABDAC25B}.Debug|Any CPU.Build.0 = Debug|Any CPU
		{AA3F1F4B-9D63-4345-8390-3EE2ABDAC25B}.Release|Any CPU.ActiveCfg = Release|Any CPU
		{AA3F1F4B-9D63-4345-8390-3EE2ABDAC25B}.Release|Any CPU.Build.0 = Release|Any CPU
	EndGlobalSection
	GlobalSection(SolutionProperties) = preSolution
		HideSolutionNode = FALSE
	EndGlobalSection
	GlobalSection(ExtensibilityGlobals) = postSolution
		SolutionGuid = {7E239091-4BDC-4D41-87FB-AC43C0BA8C41}
	EndGlobalSection
EndGlobal
