
Microsoft Visual Studio Solution File, Format Version 12.00
# Visual Studio Version 17
VisualStudioVersion = 17.3.32901.215
MinimumVisualStudioVersion = 10.0.40219.1
Project("{FAE04EC0-301F-11D3-BF4B-00C04F79EFBC}") = "ConsoleApp1", "ConsoleApp1\ConsoleApp1.csproj", "{64811777-0EC8-4515-851C-6D0DF94F1DFF}"
EndProject
Project("{FAE04EC0-301F-11D3-BF4B-00C04F79EFBC}") = "ConsoleApp2", "ConsoleApp2\ConsoleApp2.csproj", "{957DCBDC-11AE-489E-AA20-B3EB3E6B8FC1}"
EndProject
Global
	GlobalSection(SolutionConfigurationPlatforms) = preSolution
		Debug|Any CPU = Debug|Any CPU
		Release|Any CPU = Release|Any CPU
	EndGlobalSection
	GlobalSection(ProjectConfigurationPlatforms) = postSolution
		{64811777-0EC8-4515-851C-6D0DF94F1DFF}.Debug|Any CPU.ActiveCfg = Debug|Any CPU
		{64811777-0EC8-4515-851C-6D0DF94F1DFF}.Debug|Any CPU.Build.0 = Debug|Any CPU
		{64811777-0EC8-4515-851C-6D0DF94F1DFF}.Release|Any CPU.ActiveCfg = Release|Any CPU
		{64811777-0EC8-4515-851C-6D0DF94F1DFF}.Release|Any CPU.Build.0 = Release|Any CPU
		{957DCBDC-11AE-489E-AA20-B3EB3E6B8FC1}.Debug|Any CPU.ActiveCfg = Debug|Any CPU
		{957DCBDC-11AE-489E-AA20-B3EB3E6B8FC1}.Debug|Any CPU.Build.0 = Debug|Any CPU
		{957DCBDC-11AE-489E-AA20-B3EB3E6B8FC1}.Release|Any CPU.ActiveCfg = Release|Any CPU
		{957DCBDC-11AE-489E-AA20-B3EB3E6B8FC1}.Release|Any CPU.Build.0 = Release|Any CPU
	EndGlobalSection
	GlobalSection(SolutionProperties) = preSolution
		HideSolutionNode = FALSE
	EndGlobalSection
	GlobalSection(ExtensibilityGlobals) = postSolution
		SolutionGuid = {9534CF92-724F-43C8-A472-13E77C082058}
	EndGlobalSection
EndGlobal
