
Microsoft Visual Studio Solution File, Format Version 12.00
# Visual Studio Version 17
VisualStudioVersion = 17.3.32901.215
MinimumVisualStudioVersion = 10.0.40219.1
Project("{FAE04EC0-301F-11D3-BF4B-00C04F79EFBC}") = "ConsoleApp2", "ConsoleApp2\ConsoleApp2.csproj", "{AA92C3A0-4A55-4005-84D4-8F949D6C4108}"
EndProject
Project("{FAE04EC0-301F-11D3-BF4B-00C04F79EFBC}") = "ConsoleApp1", "ConsoleApp1\ConsoleApp1.csproj", "{DD3920CD-91AD-4DD4-BDDF-65F906830DDA}"
EndProject
Project("{FAE04EC0-301F-11D3-BF4B-00C04F79EFBC}") = "ConsoleApp3", "ConsoleApp3\ConsoleApp3.csproj", "{2BEBFFB3-1DA0-4E57-A8C9-36A038A8B6A1}"
EndProject
Global
	GlobalSection(SolutionConfigurationPlatforms) = preSolution
		Debug|Any CPU = Debug|Any CPU
		Release|Any CPU = Release|Any CPU
	EndGlobalSection
	GlobalSection(ProjectConfigurationPlatforms) = postSolution
		{AA92C3A0-4A55-4005-84D4-8F949D6C4108}.Debug|Any CPU.ActiveCfg = Debug|Any CPU
		{AA92C3A0-4A55-4005-84D4-8F949D6C4108}.Debug|Any CPU.Build.0 = Debug|Any CPU
		{AA92C3A0-4A55-4005-84D4-8F949D6C4108}.Release|Any CPU.ActiveCfg = Release|Any CPU
		{AA92C3A0-4A55-4005-84D4-8F949D6C4108}.Release|Any CPU.Build.0 = Release|Any CPU
		{DD3920CD-91AD-4DD4-BDDF-65F906830DDA}.Debug|Any CPU.ActiveCfg = Debug|Any CPU
		{DD3920CD-91AD-4DD4-BDDF-65F906830DDA}.Debug|Any CPU.Build.0 = Debug|Any CPU
		{DD3920CD-91AD-4DD4-BDDF-65F906830DDA}.Release|Any CPU.ActiveCfg = Release|Any CPU
		{DD3920CD-91AD-4DD4-BDDF-65F906830DDA}.Release|Any CPU.Build.0 = Release|Any CPU
		{2BEBFFB3-1DA0-4E57-A8C9-36A038A8B6A1}.Debug|Any CPU.ActiveCfg = Debug|Any CPU
		{2BEBFFB3-1DA0-4E57-A8C9-36A038A8B6A1}.Debug|Any CPU.Build.0 = Debug|Any CPU
		{2BEBFFB3-1DA0-4E57-A8C9-36A038A8B6A1}.Release|Any CPU.ActiveCfg = Release|Any CPU
		{2BEBFFB3-1DA0-4E57-A8C9-36A038A8B6A1}.Release|Any CPU.Build.0 = Release|Any CPU
	EndGlobalSection
	GlobalSection(SolutionProperties) = preSolution
		HideSolutionNode = FALSE
	EndGlobalSection
	GlobalSection(ExtensibilityGlobals) = postSolution
		SolutionGuid = {B8197C8E-8630-4AEC-A090-EC06B818F787}
	EndGlobalSection
EndGlobal
