
Microsoft Visual Studio Solution File, Format Version 12.00
# Visual Studio Version 17
VisualStudioVersion = 17.3.32901.215
MinimumVisualStudioVersion = 10.0.40219.1
Project("{FAE04EC0-301F-11D3-BF4B-00C04F79EFBC}") = "ConsoleApp1", "ConsoleApp1\ConsoleApp1.csproj", "{4C3EE776-BD31-41B0-B426-668698AD41EF}"
EndProject
Project("{FAE04EC0-301F-11D3-BF4B-00C04F79EFBC}") = "ConsoleApp2", "ConsoleApp2\ConsoleApp2.csproj", "{10FA84D7-70C0-443A-B373-E2FA2A4AB040}"
EndProject
Project("{FAE04EC0-301F-11D3-BF4B-00C04F79EFBC}") = "ConsoleApp3", "ConsoleApp3\ConsoleApp3.csproj", "{A23586A8-7086-4A89-9617-95319F004DED}"
EndProject
Project("{FAE04EC0-301F-11D3-BF4B-00C04F79EFBC}") = "ConsoleApp4", "ConsoleApp4\ConsoleApp4.csproj", "{97561B2A-A6A1-471B-83D4-6E299E4F5C3F}"
EndProject
Project("{FAE04EC0-301F-11D3-BF4B-00C04F79EFBC}") = "ConsoleApp5", "ConsoleApp5\ConsoleApp5.csproj", "{85A063AE-9E29-467D-9F6F-B702E680A71F}"
EndProject
Global
	GlobalSection(SolutionConfigurationPlatforms) = preSolution
		Debug|Any CPU = Debug|Any CPU
		Release|Any CPU = Release|Any CPU
	EndGlobalSection
	GlobalSection(ProjectConfigurationPlatforms) = postSolution
		{4C3EE776-BD31-41B0-B426-668698AD41EF}.Debug|Any CPU.ActiveCfg = Debug|Any CPU
		{4C3EE776-BD31-41B0-B426-668698AD41EF}.Debug|Any CPU.Build.0 = Debug|Any CPU
		{4C3EE776-BD31-41B0-B426-668698AD41EF}.Release|Any CPU.ActiveCfg = Release|Any CPU
		{4C3EE776-BD31-41B0-B426-668698AD41EF}.Release|Any CPU.Build.0 = Release|Any CPU
		{10FA84D7-70C0-443A-B373-E2FA2A4AB040}.Debug|Any CPU.ActiveCfg = Debug|Any CPU
		{10FA84D7-70C0-443A-B373-E2FA2A4AB040}.Debug|Any CPU.Build.0 = Debug|Any CPU
		{10FA84D7-70C0-443A-B373-E2FA2A4AB040}.Release|Any CPU.ActiveCfg = Release|Any CPU
		{10FA84D7-70C0-443A-B373-E2FA2A4AB040}.Release|Any CPU.Build.0 = Release|Any CPU
		{A23586A8-7086-4A89-9617-95319F004DED}.Debug|Any CPU.ActiveCfg = Debug|Any CPU
		{A23586A8-7086-4A89-9617-95319F004DED}.Debug|Any CPU.Build.0 = Debug|Any CPU
		{A23586A8-7086-4A89-9617-95319F004DED}.Release|Any CPU.ActiveCfg = Release|Any CPU
		{A23586A8-7086-4A89-9617-95319F004DED}.Release|Any CPU.Build.0 = Release|Any CPU
		{97561B2A-A6A1-471B-83D4-6E299E4F5C3F}.Debug|Any CPU.ActiveCfg = Debug|Any CPU
		{97561B2A-A6A1-471B-83D4-6E299E4F5C3F}.Debug|Any CPU.Build.0 = Debug|Any CPU
		{97561B2A-A6A1-471B-83D4-6E299E4F5C3F}.Release|Any CPU.ActiveCfg = Release|Any CPU
		{97561B2A-A6A1-471B-83D4-6E299E4F5C3F}.Release|Any CPU.Build.0 = Release|Any CPU
		{85A063AE-9E29-467D-9F6F-B702E680A71F}.Debug|Any CPU.ActiveCfg = Debug|Any CPU
		{85A063AE-9E29-467D-9F6F-B702E680A71F}.Debug|Any CPU.Build.0 = Debug|Any CPU
		{85A063AE-9E29-467D-9F6F-B702E680A71F}.Release|Any CPU.ActiveCfg = Release|Any CPU
		{85A063AE-9E29-467D-9F6F-B702E680A71F}.Release|Any CPU.Build.0 = Release|Any CPU
	EndGlobalSection
	GlobalSection(SolutionProperties) = preSolution
		HideSolutionNode = FALSE
	EndGlobalSection
	GlobalSection(ExtensibilityGlobals) = postSolution
		SolutionGuid = {885B39AA-B4C5-429A-9B9B-E63BDEF9EEDD}
	EndGlobalSection
EndGlobal
