
Microsoft Visual Studio Solution File, Format Version 12.00
# Visual Studio Version 17
VisualStudioVersion = 17.3.32901.215
MinimumVisualStudioVersion = 10.0.40219.1
Project("{FAE04EC0-301F-11D3-BF4B-00C04F79EFBC}") = "ŞafakDemir_banka", "ŞafakDemir_banka\ŞafakDemir_banka.csproj", "{0D429EF5-2093-494F-A292-E77F86486DA2}"
EndProject
Global
	GlobalSection(SolutionConfigurationPlatforms) = preSolution
		Debug|Any CPU = Debug|Any CPU
		Release|Any CPU = Release|Any CPU
	EndGlobalSection
	GlobalSection(ProjectConfigurationPlatforms) = postSolution
		{0D429EF5-2093-494F-A292-E77F86486DA2}.Debug|Any CPU.ActiveCfg = Debug|Any CPU
		{0D429EF5-2093-494F-A292-E77F86486DA2}.Debug|Any CPU.Build.0 = Debug|Any CPU
		{0D429EF5-2093-494F-A292-E77F86486DA2}.Release|Any CPU.ActiveCfg = Release|Any CPU
		{0D429EF5-2093-494F-A292-E77F86486DA2}.Release|Any CPU.Build.0 = Release|Any CPU
	EndGlobalSection
	GlobalSection(SolutionProperties) = preSolution
		HideSolutionNode = FALSE
	EndGlobalSection
	GlobalSection(ExtensibilityGlobals) = postSolution
		SolutionGuid = {96B73218-BF35-4A23-84CC-210AE8E85DC4}
	EndGlobalSection
EndGlobal
